
Microsoft Visual Studio Solution File, Format Version 12.00
# Visual Studio Version 17
VisualStudioVersion = 17.3.32901.215
MinimumVisualStudioVersion = 10.0.40219.1
Project("{9A19103F-16F7-4668-BE54-9A1E7A4F7556}") = "Assignment1", "Assignment1\Assignment1.csproj", "{AD9CBA2A-DA05-44E6-AA0D-36C597C7F5D7}"
EndProject
Project("{9A19103F-16F7-4668-BE54-9A1E7A4F7556}") = "Assignment2a", "Assignment2a\Assignment2a.csproj", "{04F9B677-9A55-4DCF-83D6-29CDEDCCF2B4}"
EndProject
Project("{9A19103F-16F7-4668-BE54-9A1E7A4F7556}") = "Assignment2b", "Assignment2b\Assignment2b.csproj", "{4901A61A-CEE8-4F20-B22E-5CBD15D78465}"
EndProject
Project("{FAE04EC0-301F-11D3-BF4B-00C04F79EFBC}") = "WeaponLib", "WeaponLib\WeaponLib.csproj", "{B371972D-2A20-4CF6-9152-D781C5ABA202}"
EndProject
Project("{FAE04EC0-301F-11D3-BF4B-00C04F79EFBC}") = "Assignment2c", "Assignment2c\Assignment2c.csproj", "{BD1E5C1B-93F1-48AD-8B9B-E38D7461AF74}"
EndProject
Project("{FAE04EC0-301F-11D3-BF4B-00C04F79EFBC}") = "Assignment3", "Assignment3\Assignment3.csproj", "{D10C99B9-7F65-4E51-8A0C-98AB8E7843C6}"
EndProject
Project("{9A19103F-16F7-4668-BE54-9A1E7A4F7556}") = "TextureAtlasLib", "TextureAtlasLib\TextureAtlasLib.csproj", "{79EAAB61-EBE5-42B8-B307-3D93FCC37472}"
EndProject
Global
	GlobalSection(SolutionConfigurationPlatforms) = preSolution
		Debug|Any CPU = Debug|Any CPU
		Release|Any CPU = Release|Any CPU
	EndGlobalSection
	GlobalSection(ProjectConfigurationPlatforms) = postSolution
		{AD9CBA2A-DA05-44E6-AA0D-36C597C7F5D7}.Debug|Any CPU.ActiveCfg = Debug|Any CPU
		{AD9CBA2A-DA05-44E6-AA0D-36C597C7F5D7}.Debug|Any CPU.Build.0 = Debug|Any CPU
		{AD9CBA2A-DA05-44E6-AA0D-36C597C7F5D7}.Release|Any CPU.ActiveCfg = Release|Any CPU
		{AD9CBA2A-DA05-44E6-AA0D-36C597C7F5D7}.Release|Any CPU.Build.0 = Release|Any CPU
		{04F9B677-9A55-4DCF-83D6-29CDEDCCF2B4}.Debug|Any CPU.ActiveCfg = Debug|Any CPU
		{04F9B677-9A55-4DCF-83D6-29CDEDCCF2B4}.Debug|Any CPU.Build.0 = Debug|Any CPU
		{04F9B677-9A55-4DCF-83D6-29CDEDCCF2B4}.Release|Any CPU.ActiveCfg = Release|Any CPU
		{04F9B677-9A55-4DCF-83D6-29CDEDCCF2B4}.Release|Any CPU.Build.0 = Release|Any CPU
		{4901A61A-CEE8-4F20-B22E-5CBD15D78465}.Debug|Any CPU.ActiveCfg = Debug|Any CPU
		{4901A61A-CEE8-4F20-B22E-5CBD15D78465}.Debug|Any CPU.Build.0 = Debug|Any CPU
		{4901A61A-CEE8-4F20-B22E-5CBD15D78465}.Release|Any CPU.ActiveCfg = Release|Any CPU
		{4901A61A-CEE8-4F20-B22E-5CBD15D78465}.Release|Any CPU.Build.0 = Release|Any CPU
		{B371972D-2A20-4CF6-9152-D781C5ABA202}.Debug|Any CPU.ActiveCfg = Debug|Any CPU
		{B371972D-2A20-4CF6-9152-D781C5ABA202}.Debug|Any CPU.Build.0 = Debug|Any CPU
		{B371972D-2A20-4CF6-9152-D781C5ABA202}.Release|Any CPU.ActiveCfg = Release|Any CPU
		{B371972D-2A20-4CF6-9152-D781C5ABA202}.Release|Any CPU.Build.0 = Release|Any CPU
		{BD1E5C1B-93F1-48AD-8B9B-E38D7461AF74}.Debug|Any CPU.ActiveCfg = Debug|Any CPU
		{BD1E5C1B-93F1-48AD-8B9B-E38D7461AF74}.Debug|Any CPU.Build.0 = Debug|Any CPU
		{BD1E5C1B-93F1-48AD-8B9B-E38D7461AF74}.Release|Any CPU.ActiveCfg = Release|Any CPU
		{BD1E5C1B-93F1-48AD-8B9B-E38D7461AF74}.Release|Any CPU.Build.0 = Release|Any CPU
		{D10C99B9-7F65-4E51-8A0C-98AB8E7843C6}.Debug|Any CPU.ActiveCfg = Debug|Any CPU
		{D10C99B9-7F65-4E51-8A0C-98AB8E7843C6}.Debug|Any CPU.Build.0 = Debug|Any CPU
		{D10C99B9-7F65-4E51-8A0C-98AB8E7843C6}.Release|Any CPU.ActiveCfg = Release|Any CPU
		{D10C99B9-7F65-4E51-8A0C-98AB8E7843C6}.Release|Any CPU.Build.0 = Release|Any CPU
		{79EAAB61-EBE5-42B8-B307-3D93FCC37472}.Debug|Any CPU.ActiveCfg = Debug|Any CPU
		{79EAAB61-EBE5-42B8-B307-3D93FCC37472}.Debug|Any CPU.Build.0 = Debug|Any CPU
		{79EAAB61-EBE5-42B8-B307-3D93FCC37472}.Release|Any CPU.ActiveCfg = Release|Any CPU
		{79EAAB61-EBE5-42B8-B307-3D93FCC37472}.Release|Any CPU.Build.0 = Release|Any CPU
	EndGlobalSection
	GlobalSection(SolutionProperties) = preSolution
		HideSolutionNode = FALSE
	EndGlobalSection
	GlobalSection(ExtensibilityGlobals) = postSolution
		SolutionGuid = {40AB14A5-EB61-4D3F-938C-5D63F3FCC400}
	EndGlobalSection
EndGlobal
